Microsoft Visual Studio Solution File, Format Version 12.00
# Visual Studio Version 17
VisualStudioVersion = 17.5.2.0
MinimumVisualStudioVersion = 10.0.40219.1
Project("{FAE04EC0-301F-11D3-BF4B-00C04F79EFBC}") = "Chatterly_Backend", "Chatterly_Backend\Chatterly_Backend.csproj", "{FDACB73D-037C-C26C-68DB-2AAF4884736B}"
EndProject
Global
	GlobalSection(SolutionConfigurationPlatforms) = preSolution
		Debug|Any CPU = Debug|Any CPU
		Release|Any CPU = Release|Any CPU
	EndGlobalSection
	GlobalSection(ProjectConfigurationPlatforms) = postSolution
		{FDACB73D-037C-C26C-68DB-2AAF4884736B}.Debug|Any CPU.ActiveCfg = Debug|Any CPU
		{FDACB73D-037C-C26C-68DB-2AAF4884736B}.Debug|Any CPU.Build.0 = Debug|Any CPU
		{FDACB73D-037C-C26C-68DB-2AAF4884736B}.Release|Any CPU.ActiveCfg = Release|Any CPU
		{FDACB73D-037C-C26C-68DB-2AAF4884736B}.Release|Any CPU.Build.0 = Release|Any CPU
	EndGlobalSection
	GlobalSection(SolutionProperties) = preSolution
		HideSolutionNode = FALSE
	EndGlobalSection
	GlobalSection(ExtensibilityGlobals) = postSolution
		SolutionGuid = {EA60E4E6-0BC4-4AEF-89BA-818E0204BDDF}
	EndGlobalSection
EndGlobal
